
Microsoft Visual Studio Solution File, Format Version 12.00
# Visual Studio Version 17
VisualStudioVersion = 17.1.32210.238
MinimumVisualStudioVersion = 10.0.40219.1
Project("{FAE04EC0-301F-11D3-BF4B-00C04F79EFBC}") = "ToonyTube", "ToonyTube\ToonyTube.csproj", "{171EA702-D6AC-4779-ACD1-ED44124CFB51}"
EndProject
Global
	GlobalSection(SolutionConfigurationPlatforms) = preSolution
		Debug|Any CPU = Debug|Any CPU
		Release|Any CPU = Release|Any CPU
	EndGlobalSection
	GlobalSection(ProjectConfigurationPlatforms) = postSolution
		{171EA702-D6AC-4779-ACD1-ED44124CFB51}.Debug|Any CPU.ActiveCfg = Debug|Any CPU
		{171EA702-D6AC-4779-ACD1-ED44124CFB51}.Debug|Any CPU.Build.0 = Debug|Any CPU
		{171EA702-D6AC-4779-ACD1-ED44124CFB51}.Release|Any CPU.ActiveCfg = Release|Any CPU
		{171EA702-D6AC-4779-ACD1-ED44124CFB51}.Release|Any CPU.Build.0 = Release|Any CPU
	EndGlobalSection
	GlobalSection(SolutionProperties) = preSolution
		HideSolutionNode = FALSE
	EndGlobalSection
	GlobalSection(ExtensibilityGlobals) = postSolution
		SolutionGuid = {45545068-A1E6-46E7-86F2-9850991206D4}
	EndGlobalSection
EndGlobal
